{
  "name": "app",
  "version": "1.0.0",
  "lockfileVersion": 3,
  "requires": true,
  "packages": {
    "": {
      "name": "app",
      "version": "1.0.0",
      "license": "ISC",
      "dependencies": {
        "lion-lib-demo-vaish": "^1.0.0"
      }
    },
    "node_modules/lion-lib-demo-vaish": {
      "version": "1.0.0",
      "resolved": "https://registry.npmjs.org/lion-lib-demo-vaish/-/lion-lib-demo-vaish-1.0.0.tgz",
      "integrity": "sha512-7Rp2eibErMHZD6+DLwVgy2H1AZ1+WKucOjAmM2Tm0omFyo0BbtKmlwFmRMkLXDYbwD0SE06DhlBFNbga632rLQ==",
      "license": "ISC"
    }
  }
}
